
Microsoft Visual Studio Solution File, Format Version 12.00
# Visual Studio 15
VisualStudioVersion = 15.0.28010.2046
MinimumVisualStudioVersion = 10.0.40219.1
Project("{9A19103F-16F7-4668-BE54-9A1E7A4F7556}") = "AutofixtureExample.TestUtil", "AutofixtureExample.TestUtil\AutofixtureExample.TestUtil.csproj", "{8F769CEE-6B1D-4314-810B-3E53789FAA86}"
EndProject
Project("{9A19103F-16F7-4668-BE54-9A1E7A4F7556}") = "AutofixtureExample.Services.UnitTests", "AutofixtureExample.Services.UnitTests\AutofixtureExample.Services.UnitTests.csproj", "{2FB8B319-2E30-4041-812B-565DE6929E15}"
EndProject
Project("{2150E333-8FDC-42A3-9474-1A3956D46DE8}") = "_Tests", "_Tests", "{C20D76F9-815E-48FA-8590-0D1B3CF35888}"
EndProject
Project("{9A19103F-16F7-4668-BE54-9A1E7A4F7556}") = "AutofixtureExample.Services", "AutofixtureExample.Services\AutofixtureExample.Services.csproj", "{3F932F35-AF47-4B4E-A405-3128E305F641}"
EndProject
Global
	GlobalSection(SolutionConfigurationPlatforms) = preSolution
		Debug|Any CPU = Debug|Any CPU
		Release|Any CPU = Release|Any CPU
	EndGlobalSection
	GlobalSection(ProjectConfigurationPlatforms) = postSolution
		{8F769CEE-6B1D-4314-810B-3E53789FAA86}.Debug|Any CPU.ActiveCfg = Debug|Any CPU
		{8F769CEE-6B1D-4314-810B-3E53789FAA86}.Debug|Any CPU.Build.0 = Debug|Any CPU
		{8F769CEE-6B1D-4314-810B-3E53789FAA86}.Release|Any CPU.ActiveCfg = Release|Any CPU
		{8F769CEE-6B1D-4314-810B-3E53789FAA86}.Release|Any CPU.Build.0 = Release|Any CPU
		{2FB8B319-2E30-4041-812B-565DE6929E15}.Debug|Any CPU.ActiveCfg = Debug|Any CPU
		{2FB8B319-2E30-4041-812B-565DE6929E15}.Debug|Any CPU.Build.0 = Debug|Any CPU
		{2FB8B319-2E30-4041-812B-565DE6929E15}.Release|Any CPU.ActiveCfg = Release|Any CPU
		{2FB8B319-2E30-4041-812B-565DE6929E15}.Release|Any CPU.Build.0 = Release|Any CPU
		{3F932F35-AF47-4B4E-A405-3128E305F641}.Debug|Any CPU.ActiveCfg = Debug|Any CPU
		{3F932F35-AF47-4B4E-A405-3128E305F641}.Debug|Any CPU.Build.0 = Debug|Any CPU
		{3F932F35-AF47-4B4E-A405-3128E305F641}.Release|Any CPU.ActiveCfg = Release|Any CPU
		{3F932F35-AF47-4B4E-A405-3128E305F641}.Release|Any CPU.Build.0 = Release|Any CPU
	EndGlobalSection
	GlobalSection(SolutionProperties) = preSolution
		HideSolutionNode = FALSE
	EndGlobalSection
	GlobalSection(NestedProjects) = preSolution
		{8F769CEE-6B1D-4314-810B-3E53789FAA86} = {C20D76F9-815E-48FA-8590-0D1B3CF35888}
		{2FB8B319-2E30-4041-812B-565DE6929E15} = {C20D76F9-815E-48FA-8590-0D1B3CF35888}
	EndGlobalSection
	GlobalSection(ExtensibilityGlobals) = postSolution
		SolutionGuid = {D6E6CD9B-23C5-49F8-AD33-64E9603E0C03}
	EndGlobalSection
EndGlobal
